// !$*UTF8*$!
{
	archiveVersion = 1;
	classes = {
	};
	objectVersion = 48;
	objects = {

/* Begin PBXBuildFile section */
		8A22AC878610171A0DDB2B41 /* Pods_schindler3.framework in Frameworks */ = {isa = PBXBuildFile; fileRef = BFCE24335C16AC185A64C53D /* Pods_schindler3.framework */; };
		F40185EE203B1DAF004107FC /* ListButton.swift in Sources */ = {isa = PBXBuildFile; fileRef = F40185ED203B1DAF004107FC /* ListButton.swift */; };
		F4B17EF62041AE3100EC27ED /* DataManager.swift in Sources */ = {isa = PBXBuildFile; fileRef = F4B17EF52041AE3100EC27ED /* DataManager.swift */; };
		F4B17EF92041BAFA00EC27ED /* libsqlite3.tbd in Frameworks */ = {isa = PBXBuildFile; fileRef = F4B17EF82041BAFA00EC27ED /* libsqlite3.tbd */; };
		F4B17EFB2041BE8F00EC27ED /* SQLiteDatabase.swift in Sources */ = {isa = PBXBuildFile; fileRef = F4B17EFA2041BE8F00EC27ED /* SQLiteDatabase.swift */; };
		F4B17EFD2042DCA700EC27ED /* NetworkManager.swift in Sources */ = {isa = PBXBuildFile; fileRef = F4B17EFC2042DCA700EC27ED /* NetworkManager.swift */; };
		F4D665E4203729280017E0CA /* AppDelegate.swift in Sources */ = {isa = PBXBuildFile; fileRef = F4D665E3203729280017E0CA /* AppDelegate.swift */; };
		F4D665E9203729280017E0CA /* Main.storyboard in Resources */ = {isa = PBXBuildFile; fileRef = F4D665E7203729280017E0CA /* Main.storyboard */; };
		F4D665EB203729280017E0CA /* Assets.xcassets in Resources */ = {isa = PBXBuildFile; fileRef = F4D665EA203729280017E0CA /* Assets.xcassets */; };
		F4D665EE203729280017E0CA /* LaunchScreen.storyboard in Resources */ = {isa = PBXBuildFile; fileRef = F4D665EC203729280017E0CA /* LaunchScreen.storyboard */; };
		F4D665F620372BE10017E0CA /* ListItemTableViewCell.swift in Sources */ = {isa = PBXBuildFile; fileRef = F4D665F520372BE10017E0CA /* ListItemTableViewCell.swift */; };
		F4DE162820373704003C6A3B /* ListViewController.swift in Sources */ = {isa = PBXBuildFile; fileRef = F4DE162720373704003C6A3B /* ListViewController.swift */; };
		F4DE162A2037378B003C6A3B /* Item.swift in Sources */ = {isa = PBXBuildFile; fileRef = F4DE16292037378B003C6A3B /* Item.swift */; };
		F4DE162C20373BDD003C6A3B /* Store.swift in Sources */ = {isa = PBXBuildFile; fileRef = F4DE162B20373BDD003C6A3B /* Store.swift */; };
		F4EB81C8203C448C003625D0 /* LocationViewController.swift in Sources */ = {isa = PBXBuildFile; fileRef = F4EB81C7203C448C003625D0 /* LocationViewController.swift */; };
		F4EB81CA203C51DD003625D0 /* Diff.swift in Sources */ = {isa = PBXBuildFile; fileRef = F4EB81C9203C51DD003625D0 /* Diff.swift */; };
/* End PBXBuildFile section */

/* Begin PBXFileReference section */
		841330C41EC8B8C8787FB6D1 /* Pods-schindler3.debug.xcconfig */ = {isa = PBXFileReference; includeInIndex = 1; lastKnownFileType = text.xcconfig; name = "Pods-schindler3.debug.xcconfig"; path = "Target Support Files/Pods-schindler3/Pods-schindler3.debug.xcconfig"; sourceTree = "<group>"; };
		BFCE24335C16AC185A64C53D /* Pods_schindler3.framework */ = {isa = PBXFileReference; explicitFileType = wrapper.framework; includeInIndex = 0; path = Pods_schindler3.framework; sourceTree = BUILT_PRODUCTS_DIR; };
		C8E63085B01A37F11C3700CE /* Pods-schindler3.release.xcconfig */ = {isa = PBXFileReference; includeInIndex = 1; lastKnownFileType = text.xcconfig; name = "Pods-schindler3.release.xcconfig"; path = "Target Support Files/Pods-schindler3/Pods-schindler3.release.xcconfig"; sourceTree = "<group>"; };
		F40185ED203B1DAF004107FC /* ListButton.swift */ = {isa = PBXFileReference; lastKnownFileType = sourcecode.swift; path = ListButton.swift; sourceTree = "<group>"; };
		F4B17EF52041AE3100EC27ED /* DataManager.swift */ = {isa = PBXFileReference; lastKnownFileType = sourcecode.swift; path = DataManager.swift; sourceTree = "<group>"; };
		F4B17EF82041BAFA00EC27ED /* libsqlite3.tbd */ = {isa = PBXFileReference; lastKnownFileType = "sourcecode.text-based-dylib-definition"; name = libsqlite3.tbd; path = usr/lib/libsqlite3.tbd; sourceTree = SDKROOT; };
		F4B17EFA2041BE8F00EC27ED /* SQLiteDatabase.swift */ = {isa = PBXFileReference; lastKnownFileType = sourcecode.swift; path = SQLiteDatabase.swift; sourceTree = "<group>"; };
		F4B17EFC2042DCA700EC27ED /* NetworkManager.swift */ = {isa = PBXFileReference; lastKnownFileType = sourcecode.swift; path = NetworkManager.swift; sourceTree = "<group>"; };
		F4D665E0203729280017E0CA /* schindler3.app */ = {isa = PBXFileReference; explicitFileType = wrapper.application; includeInIndex = 0; path = schindler3.app; sourceTree = BUILT_PRODUCTS_DIR; };
		F4D665E3203729280017E0CA /* AppDelegate.swift */ = {isa = PBXFileReference; lastKnownFileType = sourcecode.swift; path = AppDelegate.swift; sourceTree = "<group>"; };
		F4D665E8203729280017E0CA /* Base */ = {isa = PBXFileReference; lastKnownFileType = file.storyboard; name = Base; path = Base.lproj/Main.storyboard; sourceTree = "<group>"; };
		F4D665EA203729280017E0CA /* Assets.xcassets */ = {isa = PBXFileReference; lastKnownFileType = folder.assetcatalog; path = Assets.xcassets; sourceTree = "<group>"; };
		F4D665ED203729280017E0CA /* Base */ = {isa = PBXFileReference; lastKnownFileType = file.storyboard; name = Base; path = Base.lproj/LaunchScreen.storyboard; sourceTree = "<group>"; };
		F4D665EF203729280017E0CA /* Info.plist */ = {isa = PBXFileReference; lastKnownFileType = text.plist.xml; path = Info.plist; sourceTree = "<group>"; };
		F4D665F520372BE10017E0CA /* ListItemTableViewCell.swift */ = {isa = PBXFileReference; lastKnownFileType = sourcecode.swift; path = ListItemTableViewCell.swift; sourceTree = "<group>"; };
		F4DE162720373704003C6A3B /* ListViewController.swift */ = {isa = PBXFileReference; lastKnownFileType = sourcecode.swift; path = ListViewController.swift; sourceTree = "<group>"; };
		F4DE16292037378B003C6A3B /* Item.swift */ = {isa = PBXFileReference; lastKnownFileType = sourcecode.swift; path = Item.swift; sourceTree = "<group>"; };
		F4DE162B20373BDD003C6A3B /* Store.swift */ = {isa = PBXFileReference; lastKnownFileType = sourcecode.swift; path = Store.swift; sourceTree = "<group>"; };
		F4EB81C7203C448C003625D0 /* LocationViewController.swift */ = {isa = PBXFileReference; lastKnownFileType = sourcecode.swift; path = LocationViewController.swift; sourceTree = "<group>"; };
		F4EB81C9203C51DD003625D0 /* Diff.swift */ = {isa = PBXFileReference; lastKnownFileType = sourcecode.swift; path = Diff.swift; sourceTree = "<group>"; };
/* End PBXFileReference section */

/* Begin PBXFrameworksBuildPhase section */
		F4D665DD203729280017E0CA /* Frameworks */ = {
			isa = PBXFrameworksBuildPhase;
			buildActionMask = 2147483647;
			files = (
				F4B17EF92041BAFA00EC27ED /* libsqlite3.tbd in Frameworks */,
				8A22AC878610171A0DDB2B41 /* Pods_schindler3.framework in Frameworks */,
			);
			runOnlyForDeploymentPostprocessing = 0;
		};
/* End PBXFrameworksBuildPhase section */

/* Begin PBXGroup section */
		76579E1D07078E219C50480D /* Pods */ = {
			isa = PBXGroup;
			children = (
				841330C41EC8B8C8787FB6D1 /* Pods-schindler3.debug.xcconfig */,
				C8E63085B01A37F11C3700CE /* Pods-schindler3.release.xcconfig */,
			);
			name = Pods;
			path = Pods;
			sourceTree = "<group>";
		};
		F4B17EF72041BAF900EC27ED /* Frameworks */ = {
			isa = PBXGroup;
			children = (
				F4B17EF82041BAFA00EC27ED /* libsqlite3.tbd */,
				BFCE24335C16AC185A64C53D /* Pods_schindler3.framework */,
			);
			name = Frameworks;
			sourceTree = "<group>";
		};
		F4D665D7203729280017E0CA = {
			isa = PBXGroup;
			children = (
				F4D665E2203729280017E0CA /* schindler3 */,
				F4D665E1203729280017E0CA /* Products */,
				F4B17EF72041BAF900EC27ED /* Frameworks */,
				76579E1D07078E219C50480D /* Pods */,
			);
			sourceTree = "<group>";
		};
		F4D665E1203729280017E0CA /* Products */ = {
			isa = PBXGroup;
			children = (
				F4D665E0203729280017E0CA /* schindler3.app */,
			);
			name = Products;
			sourceTree = "<group>";
		};
		F4D665E2203729280017E0CA /* schindler3 */ = {
			isa = PBXGroup;
			children = (
				F4EB81C9203C51DD003625D0 /* Diff.swift */,
				F4D665E3203729280017E0CA /* AppDelegate.swift */,
				F4D665F520372BE10017E0CA /* ListItemTableViewCell.swift */,
				F40185ED203B1DAF004107FC /* ListButton.swift */,
				F4DE162720373704003C6A3B /* ListViewController.swift */,
				F4B17EF52041AE3100EC27ED /* DataManager.swift */,
				F4B17EFA2041BE8F00EC27ED /* SQLiteDatabase.swift */,
				F4B17EFC2042DCA700EC27ED /* NetworkManager.swift */,
				F4DE162B20373BDD003C6A3B /* Store.swift */,
				F4DE16292037378B003C6A3B /* Item.swift */,
				F4EB81C7203C448C003625D0 /* LocationViewController.swift */,
				F4D665E7203729280017E0CA /* Main.storyboard */,
				F4D665EA203729280017E0CA /* Assets.xcassets */,
				F4D665EC203729280017E0CA /* LaunchScreen.storyboard */,
				F4D665EF203729280017E0CA /* Info.plist */,
			);
			path = schindler3;
			sourceTree = "<group>";
		};
/* End PBXGroup section */

/* Begin PBXNativeTarget section */
		F4D665DF203729280017E0CA /* schindler3 */ = {
			isa = PBXNativeTarget;
			buildConfigurationList = F4D665F2203729280017E0CA /* Build configuration list for PBXNativeTarget "schindler3" */;
			buildPhases = (
				8425DEA50CE5CF1679982461 /* [CP] Check Pods Manifest.lock */,
				F4D665DC203729280017E0CA /* Sources */,
				F4D665DD203729280017E0CA /* Frameworks */,
				F4D665DE203729280017E0CA /* Resources */,
				CC7842A5B67DB177EB579EF9 /* [CP] Embed Pods Frameworks */,
			);
			buildRules = (
			);
			dependencies = (
			);
			name = schindler3;
			productName = schindler3;
			productReference = F4D665E0203729280017E0CA /* schindler3.app */;
			productType = "com.apple.product-type.application";
		};
/* End PBXNativeTarget section */

/* Begin PBXProject section */
		F4D665D8203729280017E0CA /* Project object */ = {
			isa = PBXProject;
			attributes = {
				LastSwiftUpdateCheck = 0920;
				LastUpgradeCheck = 0930;
				ORGANIZATIONNAME = "Matt Lilley";
				TargetAttributes = {
					F4D665DF203729280017E0CA = {
						CreatedOnToolsVersion = 9.2;
						ProvisioningStyle = Automatic;
					};
				};
			};
			buildConfigurationList = F4D665DB203729280017E0CA /* Build configuration list for PBXProject "schindler3" */;
			compatibilityVersion = "Xcode 8.0";
			developmentRegion = en;
			hasScannedForEncodings = 0;
			knownRegions = (
				en,
				Base,
			);
			mainGroup = F4D665D7203729280017E0CA;
			productRefGroup = F4D665E1203729280017E0CA /* Products */;
			projectDirPath = "";
			projectRoot = "";
			targets = (
				F4D665DF203729280017E0CA /* schindler3 */,
			);
		};
/* End PBXProject section */

/* Begin PBXResourcesBuildPhase section */
		F4D665DE203729280017E0CA /* Resources */ = {
			isa = PBXResourcesBuildPhase;
			buildActionMask = 2147483647;
			files = (
				F4D665EE203729280017E0CA /* LaunchScreen.storyboard in Resources */,
				F4D665EB203729280017E0CA /* Assets.xcassets in Resources */,
				F4D665E9203729280017E0CA /* Main.storyboard in Resources */,
			);
			runOnlyForDeploymentPostprocessing = 0;
		};
/* End PBXResourcesBuildPhase section */

/* Begin PBXShellScriptBuildPhase section */
		8425DEA50CE5CF1679982461 /* [CP] Check Pods Manifest.lock */ = {
			isa = PBXShellScriptBuildPhase;
			buildActionMask = 2147483647;
			files = (
			);
			inputFileListPaths = (
			);
			inputPaths = (
				"${PODS_PODFILE_DIR_PATH}/Podfile.lock",
				"${PODS_ROOT}/Manifest.lock",
			);
			name = "[CP] Check Pods Manifest.lock";
			outputFileListPaths = (
			);
			outputPaths = (
				"$(DERIVED_FILE_DIR)/Pods-schindler3-checkManifestLockResult.txt",
			);
			runOnlyForDeploymentPostprocessing = 0;
			shellPath = /bin/sh;
			shellScript = "diff \"${PODS_PODFILE_DIR_PATH}/Podfile.lock\" \"${PODS_ROOT}/Manifest.lock\" > /dev/null\nif [ $? != 0 ] ; then\n    # print error to STDERR\n    echo \"error: The sandbox is not in sync with the Podfile.lock. Run 'pod install' or update your CocoaPods installation.\" >&2\n    exit 1\nfi\n# This output is used by Xcode 'outputs' to avoid re-running this script phase.\necho \"SUCCESS\" > \"${SCRIPT_OUTPUT_FILE_0}\"\n";
			showEnvVarsInLog = 0;
		};
		CC7842A5B67DB177EB579EF9 /* [CP] Embed Pods Frameworks */ = {
			isa = PBXShellScriptBuildPhase;
			buildActionMask = 2147483647;
			files = (
			);
			inputFileListPaths = (
			);
			inputPaths = (
				"${PODS_ROOT}/Target Support Files/Pods-schindler3/Pods-schindler3-frameworks.sh",
				"${BUILT_PRODUCTS_DIR}/Starscream/Starscream.framework",
			);
			name = "[CP] Embed Pods Frameworks";
			outputFileListPaths = (
			);
			outputPaths = (
				"${TARGET_BUILD_DIR}/${FRAMEWORKS_FOLDER_PATH}/Starscream.framework",
			);
			runOnlyForDeploymentPostprocessing = 0;
			shellPath = /bin/sh;
			shellScript = "\"${PODS_ROOT}/Target Support Files/Pods-schindler3/Pods-schindler3-frameworks.sh\"\n";
			showEnvVarsInLog = 0;
		};
/* End PBXShellScriptBuildPhase section */

/* Begin PBXSourcesBuildPhase section */
		F4D665DC203729280017E0CA /* Sources */ = {
			isa = PBXSourcesBuildPhase;
			buildActionMask = 2147483647;
			files = (
				F4DE162C20373BDD003C6A3B /* Store.swift in Sources */,
				F4DE162A2037378B003C6A3B /* Item.swift in Sources */,
				F4D665E4203729280017E0CA /* AppDelegate.swift in Sources */,
				F40185EE203B1DAF004107FC /* ListButton.swift in Sources */,
				F4B17EFD2042DCA700EC27ED /* NetworkManager.swift in Sources */,
				F4B17EFB2041BE8F00EC27ED /* SQLiteDatabase.swift in Sources */,
				F4DE162820373704003C6A3B /* ListViewController.swift in Sources */,
				F4D665F620372BE10017E0CA /* ListItemTableViewCell.swift in Sources */,
				F4EB81CA203C51DD003625D0 /* Diff.swift in Sources */,
				F4B17EF62041AE3100EC27ED /* DataManager.swift in Sources */,
				F4EB81C8203C448C003625D0 /* LocationViewController.swift in Sources */,
			);
			runOnlyForDeploymentPostprocessing = 0;
		};
/* End PBXSourcesBuildPhase section */

/* Begin PBXVariantGroup section */
		F4D665E7203729280017E0CA /* Main.storyboard */ = {
			isa = PBXVariantGroup;
			children = (
				F4D665E8203729280017E0CA /* Base */,
			);
			name = Main.storyboard;
			sourceTree = "<group>";
		};
		F4D665EC203729280017E0CA /* LaunchScreen.storyboard */ = {
			isa = PBXVariantGroup;
			children = (
				F4D665ED203729280017E0CA /* Base */,
			);
			name = LaunchScreen.storyboard;
			sourceTree = "<group>";
		};
/* End PBXVariantGroup section */

/* Begin XCBuildConfiguration section */
		F4D665F0203729280017E0CA /* Debug */ = {
			isa = XCBuildConfiguration;
			buildSettings = {
				ALWAYS_SEARCH_USER_PATHS = NO;
				CLANG_ANALYZER_NONNULL = YES;
				CLANG_ANALYZER_NUMBER_OBJECT_CONVERSION = YES_AGGRESSIVE;
				CLANG_CXX_LANGUAGE_STANDARD = "gnu++14";
				CLANG_CXX_LIBRARY = "libc++";
				CLANG_ENABLE_MODULES = YES;
				CLANG_ENABLE_OBJC_ARC = YES;
				CLANG_WARN_BLOCK_CAPTURE_AUTORELEASING = YES;
				CLANG_WARN_BOOL_CONVERSION = YES;
				CLANG_WARN_COMMA = YES;
				CLANG_WARN_CONSTANT_CONVERSION = YES;
				CLANG_WARN_DEPRECATED_OBJC_IMPLEMENTATIONS = YES;
				CLANG_WARN_DIRECT_OBJC_ISA_USAGE = YES_ERROR;
				CLANG_WARN_DOCUMENTATION_COMMENTS = YES;
				CLANG_WARN_EMPTY_BODY = YES;
				CLANG_WARN_ENUM_CONVERSION = YES;
				CLANG_WARN_INFINITE_RECURSION = YES;
				CLANG_WARN_INT_CONVERSION = YES;
				CLANG_WARN_NON_LITERAL_NULL_CONVERSION = YES;
				CLANG_WARN_OBJC_IMPLICIT_RETAIN_SELF = YES;
				CLANG_WARN_OBJC_LITERAL_CONVERSION = YES;
				CLANG_WARN_OBJC_ROOT_CLASS = YES_ERROR;
				CLANG_WARN_RANGE_LOOP_ANALYSIS = YES;
				CLANG_WARN_STRICT_PROTOTYPES = YES;
				CLANG_WARN_SUSPICIOUS_MOVE = YES;
				CLANG_WARN_UNGUARDED_AVAILABILITY = YES_AGGRESSIVE;
				CLANG_WARN_UNREACHABLE_CODE = YES;
				CLANG_WARN__DUPLICATE_METHOD_MATCH = YES;
				CODE_SIGN_IDENTITY = "iPhone Developer";
				COPY_PHASE_STRIP = NO;
				DEBUG_INFORMATION_FORMAT = dwarf;
				ENABLE_STRICT_OBJC_MSGSEND = YES;
				ENABLE_TESTABILITY = YES;
				GCC_C_LANGUAGE_STANDARD = gnu11;
				GCC_DYNAMIC_NO_PIC = NO;
				GCC_NO_COMMON_BLOCKS = YES;
				GCC_OPTIMIZATION_LEVEL = 0;
				GCC_PREPROCESSOR_DEFINITIONS = (
					"DEBUG=1",
					"$(inherited)",
				);
				GCC_WARN_64_TO_32_BIT_CONVERSION = YES;
				GCC_WARN_ABOUT_RETURN_TYPE = YES_ERROR;
				GCC_WARN_UNDECLARED_SELECTOR = YES;
				GCC_WARN_UNINITIALIZED_AUTOS = YES_AGGRESSIVE;
				GCC_WARN_UNUSED_FUNCTION = YES;
				GCC_WARN_UNUSED_VARIABLE = YES;
				IPHONEOS_DEPLOYMENT_TARGET = 11.2;
				MTL_ENABLE_DEBUG_INFO = YES;
				ONLY_ACTIVE_ARCH = YES;
				SDKROOT = iphoneos;
				SWIFT_ACTIVE_COMPILATION_CONDITIONS = DEBUG;
				SWIFT_OPTIMIZATION_LEVEL = "-Onone";
			};
			name = Debug;
		};
		F4D665F1203729280017E0CA /* Release */ = {
			isa = XCBuildConfiguration;
			buildSettings = {
				ALWAYS_SEARCH_USER_PATHS = NO;
				CLANG_ANALYZER_NONNULL = YES;
				CLANG_ANALYZER_NUMBER_OBJECT_CONVERSION = YES_AGGRESSIVE;
				CLANG_CXX_LANGUAGE_STANDARD = "gnu++14";
				CLANG_CXX_LIBRARY = "libc++";
				CLANG_ENABLE_MODULES = YES;
				CLANG_ENABLE_OBJC_ARC = YES;
				CLANG_WARN_BLOCK_CAPTURE_AUTORELEASING = YES;
				CLANG_WARN_BOOL_CONVERSION = YES;
				CLANG_WARN_COMMA = YES;
				CLANG_WARN_CONSTANT_CONVERSION = YES;
				CLANG_WARN_DEPRECATED_OBJC_IMPLEMENTATIONS = YES;
				CLANG_WARN_DIRECT_OBJC_ISA_USAGE = YES_ERROR;
				CLANG_WARN_DOCUMENTATION_COMMENTS = YES;
				CLANG_WARN_EMPTY_BODY = YES;
				CLANG_WARN_ENUM_CONVERSION = YES;
				CLANG_WARN_INFINITE_RECURSION = YES;
				CLANG_WARN_INT_CONVERSION = YES;
				CLANG_WARN_NON_LITERAL_NULL_CONVERSION = YES;
				CLANG_WARN_OBJC_IMPLICIT_RETAIN_SELF = YES;
				CLANG_WARN_OBJC_LITERAL_CONVERSION = YES;
				CLANG_WARN_OBJC_ROOT_CLASS = YES_ERROR;
				CLANG_WARN_RANGE_LOOP_ANALYSIS = YES;
				CLANG_WARN_STRICT_PROTOTYPES = YES;
				CLANG_WARN_SUSPICIOUS_MOVE = YES;
				CLANG_WARN_UNGUARDED_AVAILABILITY = YES_AGGRESSIVE;
				CLANG_WARN_UNREACHABLE_CODE = YES;
				CLANG_WARN__DUPLICATE_METHOD_MATCH = YES;
				CODE_SIGN_IDENTITY = "iPhone Developer";
				COPY_PHASE_STRIP = NO;
				DEBUG_INFORMATION_FORMAT = "dwarf-with-dsym";
				ENABLE_NS_ASSERTIONS = NO;
				ENABLE_STRICT_OBJC_MSGSEND = YES;
				GCC_C_LANGUAGE_STANDARD = gnu11;
				GCC_NO_COMMON_BLOCKS = YES;
				GCC_WARN_64_TO_32_BIT_CONVERSION = YES;
				GCC_WARN_ABOUT_RETURN_TYPE = YES_ERROR;
				GCC_WARN_UNDECLARED_SELECTOR = YES;
				GCC_WARN_UNINITIALIZED_AUTOS = YES_AGGRESSIVE;
				GCC_WARN_UNUSED_FUNCTION = YES;
				GCC_WARN_UNUSED_VARIABLE = YES;
				IPHONEOS_DEPLOYMENT_TARGET = 11.2;
				MTL_ENABLE_DEBUG_INFO = NO;
				SDKROOT = iphoneos;
				SWIFT_OPTIMIZATION_LEVEL = "-Owholemodule";
				VALIDATE_PRODUCT = YES;
			};
			name = Release;
		};
		F4D665F3203729280017E0CA /* Debug */ = {
			isa = XCBuildConfiguration;
			baseConfigurationReference = 841330C41EC8B8C8787FB6D1 /* Pods-schindler3.debug.xcconfig */;
			buildSettings = {
				ASSETCATALOG_COMPILER_APPICON_NAME = AppIcon;
				CODE_SIGN_STYLE = Automatic;
				DEVELOPMENT_TEAM = S6NDF2Y476;
				INFOPLIST_FILE = schindler3/Info.plist;
				LD_RUNPATH_SEARCH_PATHS = "$(inherited) @executable_path/Frameworks";
				PRODUCT_BUNDLE_IDENTIFIER = com.trime.schindler3;
				PRODUCT_NAME = "$(TARGET_NAME)";
				SWIFT_VERSION = 4.0;
				TARGETED_DEVICE_FAMILY = "1,2";
			};
			name = Debug;
		};
		F4D665F4203729280017E0CA /* Release */ = {
			isa = XCBuildConfiguration;
			baseConfigurationReference = C8E63085B01A37F11C3700CE /* Pods-schindler3.release.xcconfig */;
			buildSettings = {
				ASSETCATALOG_COMPILER_APPICON_NAME = AppIcon;
				CODE_SIGN_STYLE = Automatic;
				DEVELOPMENT_TEAM = S6NDF2Y476;
				INFOPLIST_FILE = schindler3/Info.plist;
				LD_RUNPATH_SEARCH_PATHS = "$(inherited) @executable_path/Frameworks";
				PRODUCT_BUNDLE_IDENTIFIER = com.trime.schindler3;
				PRODUCT_NAME = "$(TARGET_NAME)";
				SWIFT_VERSION = 4.0;
				TARGETED_DEVICE_FAMILY = "1,2";
			};
			name = Release;
		};
/* End XCBuildConfiguration section */

/* Begin XCConfigurationList section */
		F4D665DB203729280017E0CA /* Build configuration list for PBXProject "schindler3" */ = {
			isa = XCConfigurationList;
			buildConfigurations = (
				F4D665F0203729280017E0CA /* Debug */,
				F4D665F1203729280017E0CA /* Release */,
			);
			defaultConfigurationIsVisible = 0;
			defaultConfigurationName = Release;
		};
		F4D665F2203729280017E0CA /* Build configuration list for PBXNativeTarget "schindler3" */ = {
			isa = XCConfigurationList;
			buildConfigurations = (
				F4D665F3203729280017E0CA /* Debug */,
				F4D665F4203729280017E0CA /* Release */,
			);
			defaultConfigurationIsVisible = 0;
			defaultConfigurationName = Release;
		};
/* End XCConfigurationList section */
	};
	rootObject = F4D665D8203729280017E0CA /* Project object */;
}
